
Microsoft Visual Studio Solution File, Format Version 12.00
# Visual Studio Version 17
VisualStudioVersion = 17.8.34511.84
MinimumVisualStudioVersion = 10.0.40219.1
Project("{FAE04EC0-301F-11D3-BF4B-00C04F79EFBC}") = "FreshCore.API", "FreshCore.API\FreshCore.API.csproj", "{41339250-11FA-4464-A531-B91678BC5611}"
EndProject
Global
	GlobalSection(SolutionConfigurationPlatforms) = preSolution
		Debug|Any CPU = Debug|Any CPU
		Release|Any CPU = Release|Any CPU
	EndGlobalSection
	GlobalSection(ProjectConfigurationPlatforms) = postSolution
		{41339250-11FA-4464-A531-B91678BC5611}.Debug|Any CPU.ActiveCfg = Debug|Any CPU
		{41339250-11FA-4464-A531-B91678BC5611}.Debug|Any CPU.Build.0 = Debug|Any CPU
		{41339250-11FA-4464-A531-B91678BC5611}.Release|Any CPU.ActiveCfg = Release|Any CPU
		{41339250-11FA-4464-A531-B91678BC5611}.Release|Any CPU.Build.0 = Release|Any CPU
	EndGlobalSection
	GlobalSection(SolutionProperties) = preSolution
		HideSolutionNode = FALSE
	EndGlobalSection
	GlobalSection(ExtensibilityGlobals) = postSolution
		SolutionGuid = {1EF89D40-EC8C-465A-9245-D4E9798013AA}
	EndGlobalSection
EndGlobal
